
Microsoft Visual Studio Solution File, Format Version 10.00
# Visual Studio 2008
Project("{FAE04EC0-301F-11D3-BF4B-00C04F79EFBC}") = "TemplateProject", "TemplateProject\TemplateProject.csproj", "{DDFA3FEB-5913-4548-A102-AF09FE6B005F}"
EndProject
Project("{FAE04EC0-301F-11D3-BF4B-00C04F79EFBC}") = "TemplateProject.Tests", "TemplateProject.Tests\TemplateProject.Tests.csproj", "{29EE8CE7-A8CB-4182-8375-8E108BCA7591}"
EndProject
Global
	GlobalSection(SolutionConfigurationPlatforms) = preSolution
		Debug|Any CPU = Debug|Any CPU
		Release|Any CPU = Release|Any CPU
	EndGlobalSection
	GlobalSection(ProjectConfigurationPlatforms) = postSolution
		{DDFA3FEB-5913-4548-A102-AF09FE6B005F}.Debug|Any CPU.ActiveCfg = Debug|Any CPU
		{DDFA3FEB-5913-4548-A102-AF09FE6B005F}.Debug|Any CPU.Build.0 = Debug|Any CPU
		{DDFA3FEB-5913-4548-A102-AF09FE6B005F}.Release|Any CPU.ActiveCfg = Release|Any CPU
		{DDFA3FEB-5913-4548-A102-AF09FE6B005F}.Release|Any CPU.Build.0 = Release|Any CPU
		{29EE8CE7-A8CB-4182-8375-8E108BCA7591}.Debug|Any CPU.ActiveCfg = Debug|Any CPU
		{29EE8CE7-A8CB-4182-8375-8E108BCA7591}.Debug|Any CPU.Build.0 = Debug|Any CPU
		{29EE8CE7-A8CB-4182-8375-8E108BCA7591}.Release|Any CPU.ActiveCfg = Release|Any CPU
		{29EE8CE7-A8CB-4182-8375-8E108BCA7591}.Release|Any CPU.Build.0 = Release|Any CPU
	EndGlobalSection
	GlobalSection(SolutionProperties) = preSolution
		HideSolutionNode = FALSE
	EndGlobalSection
EndGlobal
